
Microsoft Visual Studio Solution File, Format Version 12.00
Project("{FAE04EC0-301F-11D3-BF4B-00C04F79EFBC}") = "CommonTypes", "src\Common\CommonTypes\CommonTypes.csproj", "{652D5298-B10F-41B7-B3DD-B73E13588646}"
EndProject
Project("{2150E333-8FDC-42A3-9474-1A3956D46DE8}") = "Common", "Common", "{61287BB1-7F9F-4538-9680-404A78D9389C}"
EndProject
Project("{2150E333-8FDC-42A3-9474-1A3956D46DE8}") = "tests", "tests", "{48C55F1E-E857-495F-A26C-E88FC69F71F5}"
EndProject
Project("{2150E333-8FDC-42A3-9474-1A3956D46DE8}") = "BinaryData", "BinaryData", "{B3F0A267-29D3-4649-AA42-362C2B138742}"
EndProject
Project("{FAE04EC0-301F-11D3-BF4B-00C04F79EFBC}") = "BinaryData", "src\Common\BinaryData\BinaryData\BinaryData.csproj", "{41B847A2-A9CA-4D66-8EB9-F93FAC74C50F}"
EndProject
Project("{FAE04EC0-301F-11D3-BF4B-00C04F79EFBC}") = "BinaryData.Extensions", "src\Common\BinaryData\BinaryData.Extensions\BinaryData.Extensions.csproj", "{D5FBDF8C-2D2E-48D0-B93A-E038CCA4E757}"
EndProject
Project("{FAE04EC0-301F-11D3-BF4B-00C04F79EFBC}") = "BinaryData.Tests", "tests\BinaryData.Tests\BinaryData.Tests.csproj", "{8529EF0A-1A66-46A8-A4CB-07260BB13F07}"
EndProject
Project("{2150E333-8FDC-42A3-9474-1A3956D46DE8}") = "src", "src", "{0E22645B-8BB8-488E-8856-C34CC28C368F}"
EndProject
Project("{2150E333-8FDC-42A3-9474-1A3956D46DE8}") = "BinarySerialization", "BinarySerialization", "{0D5EFCAB-7C40-41ED-8956-D693DA9E916E}"
EndProject
Project("{FAE04EC0-301F-11D3-BF4B-00C04F79EFBC}") = "BinarySerialization.Attributes", "src\BinarySerialization\BinarySerialization.Attributes\BinarySerialization.Attributes.csproj", "{0E6AA080-E9DE-4C96-8AD7-D8D7B966EBBF}"
EndProject
Project("{FAE04EC0-301F-11D3-BF4B-00C04F79EFBC}") = "BinarySerialization.Core", "src\BinarySerialization\BinarySerialization.Core\BinarySerialization.Core.csproj", "{4227F86A-7726-464A-B6F2-14839A5BBEED}"
EndProject
Project("{FAE04EC0-301F-11D3-BF4B-00C04F79EFBC}") = "BinarySerialization.SourceGenerator", "src\BinarySerialization\BinarySerialization.SourceGenerator\BinarySerialization.SourceGenerator\BinarySerialization.SourceGenerator.csproj", "{288FF007-34E0-4EEF-B89F-B59B5AFA5B58}"
EndProject
Project("{FAE04EC0-301F-11D3-BF4B-00C04F79EFBC}") = "BinarySerialization.SourceGenerator.Sample", "src\BinarySerialization\BinarySerialization.SourceGenerator\BinarySerialization.SourceGenerator.Sample\BinarySerialization.SourceGenerator.Sample.csproj", "{1BE15106-CDF6-4632-8620-2C82714A0072}"
EndProject
Project("{FAE04EC0-301F-11D3-BF4B-00C04F79EFBC}") = "BinarySerialization.SourceGenerator.Tests", "src\BinarySerialization\BinarySerialization.SourceGenerator\BinarySerialization.SourceGenerator.Tests\BinarySerialization.SourceGenerator.Tests.csproj", "{E4DDEFB3-38DA-468F-8FD0-A77394053D9E}"
EndProject
Global
	GlobalSection(SolutionConfigurationPlatforms) = preSolution
		Debug|Any CPU = Debug|Any CPU
		Release|Any CPU = Release|Any CPU
	EndGlobalSection
	GlobalSection(ProjectConfigurationPlatforms) = postSolution
		{652D5298-B10F-41B7-B3DD-B73E13588646}.Debug|Any CPU.ActiveCfg = Debug|Any CPU
		{652D5298-B10F-41B7-B3DD-B73E13588646}.Debug|Any CPU.Build.0 = Debug|Any CPU
		{652D5298-B10F-41B7-B3DD-B73E13588646}.Release|Any CPU.ActiveCfg = Release|Any CPU
		{652D5298-B10F-41B7-B3DD-B73E13588646}.Release|Any CPU.Build.0 = Release|Any CPU
		{41B847A2-A9CA-4D66-8EB9-F93FAC74C50F}.Debug|Any CPU.ActiveCfg = Debug|Any CPU
		{41B847A2-A9CA-4D66-8EB9-F93FAC74C50F}.Debug|Any CPU.Build.0 = Debug|Any CPU
		{41B847A2-A9CA-4D66-8EB9-F93FAC74C50F}.Release|Any CPU.ActiveCfg = Release|Any CPU
		{41B847A2-A9CA-4D66-8EB9-F93FAC74C50F}.Release|Any CPU.Build.0 = Release|Any CPU
		{D5FBDF8C-2D2E-48D0-B93A-E038CCA4E757}.Debug|Any CPU.ActiveCfg = Debug|Any CPU
		{D5FBDF8C-2D2E-48D0-B93A-E038CCA4E757}.Debug|Any CPU.Build.0 = Debug|Any CPU
		{D5FBDF8C-2D2E-48D0-B93A-E038CCA4E757}.Release|Any CPU.ActiveCfg = Release|Any CPU
		{D5FBDF8C-2D2E-48D0-B93A-E038CCA4E757}.Release|Any CPU.Build.0 = Release|Any CPU
		{8529EF0A-1A66-46A8-A4CB-07260BB13F07}.Debug|Any CPU.ActiveCfg = Debug|Any CPU
		{8529EF0A-1A66-46A8-A4CB-07260BB13F07}.Debug|Any CPU.Build.0 = Debug|Any CPU
		{8529EF0A-1A66-46A8-A4CB-07260BB13F07}.Release|Any CPU.ActiveCfg = Release|Any CPU
		{8529EF0A-1A66-46A8-A4CB-07260BB13F07}.Release|Any CPU.Build.0 = Release|Any CPU
		{0E6AA080-E9DE-4C96-8AD7-D8D7B966EBBF}.Debug|Any CPU.ActiveCfg = Debug|Any CPU
		{0E6AA080-E9DE-4C96-8AD7-D8D7B966EBBF}.Debug|Any CPU.Build.0 = Debug|Any CPU
		{0E6AA080-E9DE-4C96-8AD7-D8D7B966EBBF}.Release|Any CPU.ActiveCfg = Release|Any CPU
		{0E6AA080-E9DE-4C96-8AD7-D8D7B966EBBF}.Release|Any CPU.Build.0 = Release|Any CPU
		{4227F86A-7726-464A-B6F2-14839A5BBEED}.Debug|Any CPU.ActiveCfg = Debug|Any CPU
		{4227F86A-7726-464A-B6F2-14839A5BBEED}.Debug|Any CPU.Build.0 = Debug|Any CPU
		{4227F86A-7726-464A-B6F2-14839A5BBEED}.Release|Any CPU.ActiveCfg = Release|Any CPU
		{4227F86A-7726-464A-B6F2-14839A5BBEED}.Release|Any CPU.Build.0 = Release|Any CPU
		{288FF007-34E0-4EEF-B89F-B59B5AFA5B58}.Debug|Any CPU.ActiveCfg = Debug|Any CPU
		{288FF007-34E0-4EEF-B89F-B59B5AFA5B58}.Debug|Any CPU.Build.0 = Debug|Any CPU
		{288FF007-34E0-4EEF-B89F-B59B5AFA5B58}.Release|Any CPU.ActiveCfg = Release|Any CPU
		{288FF007-34E0-4EEF-B89F-B59B5AFA5B58}.Release|Any CPU.Build.0 = Release|Any CPU
		{1BE15106-CDF6-4632-8620-2C82714A0072}.Debug|Any CPU.ActiveCfg = Debug|Any CPU
		{1BE15106-CDF6-4632-8620-2C82714A0072}.Debug|Any CPU.Build.0 = Debug|Any CPU
		{1BE15106-CDF6-4632-8620-2C82714A0072}.Release|Any CPU.ActiveCfg = Release|Any CPU
		{1BE15106-CDF6-4632-8620-2C82714A0072}.Release|Any CPU.Build.0 = Release|Any CPU
		{E4DDEFB3-38DA-468F-8FD0-A77394053D9E}.Debug|Any CPU.ActiveCfg = Debug|Any CPU
		{E4DDEFB3-38DA-468F-8FD0-A77394053D9E}.Debug|Any CPU.Build.0 = Debug|Any CPU
		{E4DDEFB3-38DA-468F-8FD0-A77394053D9E}.Release|Any CPU.ActiveCfg = Release|Any CPU
		{E4DDEFB3-38DA-468F-8FD0-A77394053D9E}.Release|Any CPU.Build.0 = Release|Any CPU
	EndGlobalSection
	GlobalSection(NestedProjects) = preSolution
		{652D5298-B10F-41B7-B3DD-B73E13588646} = {61287BB1-7F9F-4538-9680-404A78D9389C}
		{B3F0A267-29D3-4649-AA42-362C2B138742} = {61287BB1-7F9F-4538-9680-404A78D9389C}
		{41B847A2-A9CA-4D66-8EB9-F93FAC74C50F} = {B3F0A267-29D3-4649-AA42-362C2B138742}
		{D5FBDF8C-2D2E-48D0-B93A-E038CCA4E757} = {B3F0A267-29D3-4649-AA42-362C2B138742}
		{8529EF0A-1A66-46A8-A4CB-07260BB13F07} = {48C55F1E-E857-495F-A26C-E88FC69F71F5}
		{61287BB1-7F9F-4538-9680-404A78D9389C} = {0E22645B-8BB8-488E-8856-C34CC28C368F}
		{0D5EFCAB-7C40-41ED-8956-D693DA9E916E} = {0E22645B-8BB8-488E-8856-C34CC28C368F}
		{0E6AA080-E9DE-4C96-8AD7-D8D7B966EBBF} = {0D5EFCAB-7C40-41ED-8956-D693DA9E916E}
		{4227F86A-7726-464A-B6F2-14839A5BBEED} = {0D5EFCAB-7C40-41ED-8956-D693DA9E916E}
		{288FF007-34E0-4EEF-B89F-B59B5AFA5B58} = {0D5EFCAB-7C40-41ED-8956-D693DA9E916E}
		{1BE15106-CDF6-4632-8620-2C82714A0072} = {0D5EFCAB-7C40-41ED-8956-D693DA9E916E}
		{E4DDEFB3-38DA-468F-8FD0-A77394053D9E} = {0D5EFCAB-7C40-41ED-8956-D693DA9E916E}
	EndGlobalSection
EndGlobal
